<?xml version="1.0" encoding="utf-8"?>
<Project ToolsVersion="4.0" xmlns="http://schemas.microsoft.com/developer/msbuild/2003">
  <ItemGroup>
    <Filter Include="Source Files">
      <UniqueIdentifier>{4FC737F1-C7A5-4376-A066-2A32D752A2FF}</UniqueIdentifier>
      <Extensions>cpp;c;cc;cxx;def;odl;idl;hpj;bat;asm;asmx</Extensions>
    </Filter>
    <Filter Include="Header Files">
      <UniqueIdentifier>{93995380-89BD-4b04-88EB-625FBE52EBFB}</UniqueIdentifier>
      <Extensions>h;hh;hpp;hxx;hm;inl;inc;xsd</Extensions>
    </Filter>
    <Filter Include="Resource Files">
      <UniqueIdentifier>{67DA6AB6-F800-4c08-8B7A-83BB121AAD01}</UniqueIdentifier>
      <Extensions>rc;ico;cur;bmp;dlg;rc2;rct;bin;rgs;gif;jpg;jpeg;jpe;resx;tiff;tif;png;wav;mfcribbon-ms</Extensions>
    </Filter>
    <Filter Include="Header Files\TinyXML">
      <UniqueIdentifier>{b8eb15dd-0185-4028-a972-ced94a96c0ff}</UniqueIdentifier>
    </Filter>
    <Filter Include="Source Files\TinyXML">
      <UniqueIdentifier>{14c714f4-dc92-45fd-9336-89f7d3c0dbea}</UniqueIdentifier>
    </Filter>
    <Filter Include="Header Files\Utils">
      <UniqueIdentifier>{ee9a7d0e-9772-4045-87d2-aa3da2e6c11f}</UniqueIdentifier>
    </Filter>
    <Filter Include="Source Files\Utils">
      <UniqueIdentifier>{feb3d95b-84f1-4890-b0f6-46df1fcf9ac1}</UniqueIdentifier>
    </Filter>
    <Filter Include="Header Files\VFS">
      <UniqueIdentifier>{5ba3a918-53aa-4dc8-b75a-19069a8f9ea2}</UniqueIdentifier>
    </Filter>
    <Filter Include="Source Files\VFS">
      <UniqueIdentifier>{650be00a-aaa6-4dc6-bd4e-0d8993449f52}</UniqueIdentifier>
    </Filter>
    <Filter Include="Header Files\MapProjections">
      <UniqueIdentifier>{a5f8d7eb-297a-4228-bd13-29c3ff422d85}</UniqueIdentifier>
    </Filter>
    <Filter Include="Source Files\MapProjections">
      <UniqueIdentifier>{78289977-74f9-4fab-a7bf-67f28f31a182}</UniqueIdentifier>
    </Filter>
    <Filter Include="Header Files\DB">
      <UniqueIdentifier>{894c57da-775d-4bc7-8cca-eeaba43c9f01}</UniqueIdentifier>
    </Filter>
    <Filter Include="Source Files\DB">
      <UniqueIdentifier>{7924f69c-d084-49ba-8b7f-de5873c2791e}</UniqueIdentifier>
    </Filter>
    <Filter Include="Header Files\DB\Database">
      <UniqueIdentifier>{14b0a018-49e6-4243-8ef2-9feda422e3aa}</UniqueIdentifier>
    </Filter>
    <Filter Include="Header Files\DB\Utils">
      <UniqueIdentifier>{ddde7a4e-95bd-42ff-9596-ec79771ec50c}</UniqueIdentifier>
    </Filter>
    <Filter Include="Source Files\DB\Database">
      <UniqueIdentifier>{482ab099-a1b2-4dbf-a6bd-887383b8e8e3}</UniqueIdentifier>
    </Filter>
    <Filter Include="Source Files\DB\Utils">
      <UniqueIdentifier>{5464ca78-e1a6-4bed-90f5-1a95af5d7b26}</UniqueIdentifier>
    </Filter>
    <Filter Include="Header Files\Cache">
      <UniqueIdentifier>{02eb8d96-c37b-4112-b05c-f253ba0083c5}</UniqueIdentifier>
    </Filter>
    <Filter Include="Header Files\VFS\minizip">
      <UniqueIdentifier>{f2bf4d3d-c93f-47e1-8841-323daaaee95e}</UniqueIdentifier>
    </Filter>
    <Filter Include="Source Files\VFS\minizip">
      <UniqueIdentifier>{3ecfc625-bbe3-48af-9820-5d7a98a05211}</UniqueIdentifier>
    </Filter>
    <Filter Include="Header Files\Strings">
      <UniqueIdentifier>{5a729cd1-8b6c-4111-b7d0-a68424e32076}</UniqueIdentifier>
    </Filter>
    <Filter Include="Source Files\Strings">
      <UniqueIdentifier>{57201373-cccc-4c1d-a1de-93db0ad89d7b}</UniqueIdentifier>
    </Filter>
  </ItemGroup>
  <ItemGroup>
    <ClCompile Include="main.cpp">
      <Filter>Source Files</Filter>
    </ClCompile>
    <ClCompile Include="BorderRenderer.cpp">
      <Filter>Source Files</Filter>
    </ClCompile>
    <ClCompile Include="DEMTile.cpp">
      <Filter>Source Files</Filter>
    </ClCompile>
    <ClCompile Include="TinyXML\tinystr.cpp">
      <Filter>Source Files\TinyXML</Filter>
    </ClCompile>
    <ClCompile Include="TinyXML\tinyxml.cpp">
      <Filter>Source Files\TinyXML</Filter>
    </ClCompile>
    <ClCompile Include="TinyXML\tinyxmlerror.cpp">
      <Filter>Source Files\TinyXML</Filter>
    </ClCompile>
    <ClCompile Include="TinyXML\tinyxmlparser.cpp">
      <Filter>Source Files\TinyXML</Filter>
    </ClCompile>
    <ClCompile Include="Utils\Utils.cpp">
      <Filter>Source Files\Utils</Filter>
    </ClCompile>
    <ClCompile Include="VFS\VFS.cpp">
      <Filter>Source Files\VFS</Filter>
    </ClCompile>
    <ClCompile Include="VFS\VFSTree.cpp">
      <Filter>Source Files\VFS</Filter>
    </ClCompile>
    <ClCompile Include="VFS\ZipWrapper.cpp">
      <Filter>Source Files\VFS</Filter>
    </ClCompile>
    <ClCompile Include="..\MapProjections\MapProjections\lodepng.cpp">
      <Filter>Source Files\MapProjections</Filter>
    </ClCompile>
    <ClCompile Include="..\MapProjections\MapProjections\MapProjection.cpp">
      <Filter>Source Files\MapProjections</Filter>
    </ClCompile>
    <ClCompile Include="..\MapProjections\MapProjections\ProjectionRenderer.cpp">
      <Filter>Source Files\MapProjections</Filter>
    </ClCompile>
    <ClCompile Include="..\MapProjections\MapProjections\Projections.cpp">
      <Filter>Source Files\MapProjections</Filter>
    </ClCompile>
    <ClCompile Include="DB\Database\DatabaseSamples.cpp">
      <Filter>Source Files\DB\Database</Filter>
    </ClCompile>
    <ClCompile Include="DB\Database\IDatabaseWrapper.cpp">
      <Filter>Source Files\DB\Database</Filter>
    </ClCompile>
    <ClCompile Include="DB\Database\PostGis.cpp">
      <Filter>Source Files\DB\Database</Filter>
    </ClCompile>
    <ClCompile Include="DB\Database\PostGisRaster.cpp">
      <Filter>Source Files\DB\Database</Filter>
    </ClCompile>
    <ClCompile Include="DB\Database\PostgreSQLWrapper.cpp">
      <Filter>Source Files\DB\Database</Filter>
    </ClCompile>
    <ClCompile Include="DB\Database\SQLFunction.cpp">
      <Filter>Source Files\DB\Database</Filter>
    </ClCompile>
    <ClCompile Include="DB\Database\SQLInsert.cpp">
      <Filter>Source Files\DB\Database</Filter>
    </ClCompile>
    <ClCompile Include="DB\Database\SQLPreparedStatement.cpp">
      <Filter>Source Files\DB\Database</Filter>
    </ClCompile>
    <ClCompile Include="DB\Database\SQLSelect.cpp">
      <Filter>Source Files\DB\Database</Filter>
    </ClCompile>
    <ClCompile Include="DB\Database\SQLUtils.cpp">
      <Filter>Source Files\DB\Database</Filter>
    </ClCompile>
    <ClCompile Include="DB\Utils\Logger.cpp">
      <Filter>Source Files\DB\Utils</Filter>
    </ClCompile>
    <ClCompile Include="VFS\minizip\ioapi.c">
      <Filter>Source Files\VFS\minizip</Filter>
    </ClCompile>
    <ClCompile Include="VFS\minizip\mztools.c">
      <Filter>Source Files\VFS\minizip</Filter>
    </ClCompile>
    <ClCompile Include="VFS\minizip\unzip.c">
      <Filter>Source Files\VFS\minizip</Filter>
    </ClCompile>
    <ClCompile Include="VFS\minizip\zip.c">
      <Filter>Source Files\VFS\minizip</Filter>
    </ClCompile>
    <ClCompile Include="..\MapProjections\MapProjections\MapProjectionStructures.cpp">
      <Filter>Source Files\MapProjections</Filter>
    </ClCompile>
    <ClCompile Include="DEMData.cpp">
      <Filter>Source Files</Filter>
    </ClCompile>
    <ClCompile Include="VFS\OSUtils.cpp">
      <Filter>Source Files\VFS</Filter>
    </ClCompile>
    <ClCompile Include="VFS\WinUtils.cpp">
      <Filter>Source Files\VFS</Filter>
    </ClCompile>
    <ClCompile Include="Strings\IStringAnsi.cpp">
      <Filter>Source Files\Strings</Filter>
    </ClCompile>
    <ClCompile Include="Strings\MurmurHash3.cpp">
      <Filter>Source Files\Strings</Filter>
    </ClCompile>
    <ClCompile Include="Strings\MyStringUtils.cpp">
      <Filter>Source Files\Strings</Filter>
    </ClCompile>
  </ItemGroup>
  <ItemGroup>
    <ClInclude Include="BorderRenderer.h">
      <Filter>Header Files</Filter>
    </ClInclude>
    <ClInclude Include="DEMData.h">
      <Filter>Header Files</Filter>
    </ClInclude>
    <ClInclude Include="DEMTile.h">
      <Filter>Header Files</Filter>
    </ClInclude>
    <ClInclude Include="TinyXML\tinystr.h">
      <Filter>Header Files\TinyXML</Filter>
    </ClInclude>
    <ClInclude Include="TinyXML\tinyxml.h">
      <Filter>Header Files\TinyXML</Filter>
    </ClInclude>
    <ClInclude Include="Utils\Utils.h">
      <Filter>Header Files\Utils</Filter>
    </ClInclude>
    <ClInclude Include="VFS\VFS.h">
      <Filter>Header Files\VFS</Filter>
    </ClInclude>
    <ClInclude Include="VFS\win_dirent.h">
      <Filter>Header Files\VFS</Filter>
    </ClInclude>
    <ClInclude Include="VFS\ZipWrapper.h">
      <Filter>Header Files\VFS</Filter>
    </ClInclude>
    <ClInclude Include="..\MapProjections\MapProjections\GeoCoordinate.h">
      <Filter>Header Files\MapProjections</Filter>
    </ClInclude>
    <ClInclude Include="..\MapProjections\MapProjections\lodepng.h">
      <Filter>Header Files\MapProjections</Filter>
    </ClInclude>
    <ClInclude Include="..\MapProjections\MapProjections\MapProjection.h">
      <Filter>Header Files\MapProjections</Filter>
    </ClInclude>
    <ClInclude Include="..\MapProjections\MapProjections\ProjectionRenderer.h">
      <Filter>Header Files\MapProjections</Filter>
    </ClInclude>
    <ClInclude Include="..\MapProjections\MapProjections\Projections.h">
      <Filter>Header Files\MapProjections</Filter>
    </ClInclude>
    <ClInclude Include="DB\Database\IDatabaseWrapper.h">
      <Filter>Header Files\DB\Database</Filter>
    </ClInclude>
    <ClInclude Include="DB\Database\PostGis.h">
      <Filter>Header Files\DB\Database</Filter>
    </ClInclude>
    <ClInclude Include="DB\Database\PostGisRaster.h">
      <Filter>Header Files\DB\Database</Filter>
    </ClInclude>
    <ClInclude Include="DB\Database\PostgreSQLWrapper.h">
      <Filter>Header Files\DB\Database</Filter>
    </ClInclude>
    <ClInclude Include="DB\Database\SQLFunction.h">
      <Filter>Header Files\DB\Database</Filter>
    </ClInclude>
    <ClInclude Include="DB\Database\SQLInsert.h">
      <Filter>Header Files\DB\Database</Filter>
    </ClInclude>
    <ClInclude Include="DB\Database\SQLPreparedStatement.h">
      <Filter>Header Files\DB\Database</Filter>
    </ClInclude>
    <ClInclude Include="DB\Database\SQLSelect.h">
      <Filter>Header Files\DB\Database</Filter>
    </ClInclude>
    <ClInclude Include="DB\Database\SQLUtils.h">
      <Filter>Header Files\DB\Database</Filter>
    </ClInclude>
    <ClInclude Include="DB\Utils\Logger.h">
      <Filter>Header Files\DB\Utils</Filter>
    </ClInclude>
    <ClInclude Include="Cache\CacheControl.h">
      <Filter>Header Files\Cache</Filter>
    </ClInclude>
    <ClInclude Include="Cache\DataCache.h">
      <Filter>Header Files\Cache</Filter>
    </ClInclude>
    <ClInclude Include="Cache\LFUCacheControl.h">
      <Filter>Header Files\Cache</Filter>
    </ClInclude>
    <ClInclude Include="Cache\LRUCacheControl.h">
      <Filter>Header Files\Cache</Filter>
    </ClInclude>
    <ClInclude Include="Cache\MemoryCache.h">
      <Filter>Header Files\Cache</Filter>
    </ClInclude>
    <ClInclude Include="VFS\minizip\crypt.h">
      <Filter>Header Files\VFS\minizip</Filter>
    </ClInclude>
    <ClInclude Include="VFS\minizip\ioapi.h">
      <Filter>Header Files\VFS\minizip</Filter>
    </ClInclude>
    <ClInclude Include="VFS\minizip\mztools.h">
      <Filter>Header Files\VFS\minizip</Filter>
    </ClInclude>
    <ClInclude Include="VFS\minizip\unzip.h">
      <Filter>Header Files\VFS\minizip</Filter>
    </ClInclude>
    <ClInclude Include="VFS\minizip\zconf.h">
      <Filter>Header Files\VFS\minizip</Filter>
    </ClInclude>
    <ClInclude Include="VFS\minizip\zip.h">
      <Filter>Header Files\VFS\minizip</Filter>
    </ClInclude>
    <ClInclude Include="..\MapProjections\MapProjections\IProjectionInfo.h">
      <Filter>Header Files\MapProjections</Filter>
    </ClInclude>
    <ClInclude Include="..\MapProjections\MapProjections\MapProjectionStructures.h">
      <Filter>Header Files\MapProjections</Filter>
    </ClInclude>
    <ClInclude Include="..\MapProjections\MapProjections\MapProjectionUtils.h">
      <Filter>Header Files\MapProjections</Filter>
    </ClInclude>
    <ClInclude Include="DB\Macros.h">
      <Filter>Header Files\DB</Filter>
    </ClInclude>
    <ClInclude Include="VFS\OSUtils.h">
      <Filter>Header Files\VFS</Filter>
    </ClInclude>
    <ClInclude Include="VFS\WinUtils.h">
      <Filter>Header Files\VFS</Filter>
    </ClInclude>
    <ClInclude Include="Strings\IStringAnsi.h">
      <Filter>Header Files\Strings</Filter>
    </ClInclude>
    <ClInclude Include="Strings\md5.h">
      <Filter>Header Files\Strings</Filter>
    </ClInclude>
    <ClInclude Include="Strings\MurmurHash3.h">
      <Filter>Header Files\Strings</Filter>
    </ClInclude>
    <ClInclude Include="Strings\MySmallStringAnsi.h">
      <Filter>Header Files\Strings</Filter>
    </ClInclude>
    <ClInclude Include="Strings\MyString.h">
      <Filter>Header Files\Strings</Filter>
    </ClInclude>
    <ClInclude Include="Strings\MyStringAnsi.h">
      <Filter>Header Files\Strings</Filter>
    </ClInclude>
    <ClInclude Include="Strings\MyStringID.h">
      <Filter>Header Files\Strings</Filter>
    </ClInclude>
    <ClInclude Include="Strings\MyStringMacros.h">
      <Filter>Header Files\Strings</Filter>
    </ClInclude>
    <ClInclude Include="Strings\MyStringUtils.h">
      <Filter>Header Files\Strings</Filter>
    </ClInclude>
  </ItemGroup>
  <ItemGroup>
    <None Include="Strings\ComparisonOperators.inl">
      <Filter>Header Files\Strings</Filter>
    </None>
    <None Include="Strings\MurmurHash3_constexpr.inl">
      <Filter>Header Files\Strings</Filter>
    </None>
  </ItemGroup>
</Project>